
Microsoft Visual Studio Solution File, Format Version 12.00
# Visual Studio Version 17
VisualStudioVersion = 17.4.33213.308
MinimumVisualStudioVersion = 10.0.40219.1
Project("{FAE04EC0-301F-11D3-BF4B-00C04F79EFBC}") = "WpfApp1", "WpfApp1\WpfApp1.csproj", "{38E63334-2F22-4493-8764-3893D6BC391A}"
EndProject
Global
	GlobalSection(SolutionConfigurationPlatforms) = preSolution
		Debug|Any CPU = Debug|Any CPU
		Release|Any CPU = Release|Any CPU
	EndGlobalSection
	GlobalSection(ProjectConfigurationPlatforms) = postSolution
		{38E63334-2F22-4493-8764-3893D6BC391A}.Debug|Any CPU.ActiveCfg = Debug|Any CPU
		{38E63334-2F22-4493-8764-3893D6BC391A}.Debug|Any CPU.Build.0 = Debug|Any CPU
		{38E63334-2F22-4493-8764-3893D6BC391A}.Release|Any CPU.ActiveCfg = Release|Any CPU
		{38E63334-2F22-4493-8764-3893D6BC391A}.Release|Any CPU.Build.0 = Release|Any CPU
	EndGlobalSection
	GlobalSection(SolutionProperties) = preSolution
		HideSolutionNode = FALSE
	EndGlobalSection
	GlobalSection(ExtensibilityGlobals) = postSolution
		SolutionGuid = {6798BDB5-B7CB-4578-BFFF-279593C04A2A}
	EndGlobalSection
EndGlobal
